// !$*UTF8*$!
{
	archiveVersion = 1;
	classes = {
	};
	objectVersion = 46;
	objects = {

/* Begin PBXBuildFile section */
		6D35C4F51BA3098200B561B1 /* AppDelegate.swift in Sources */ = {isa = PBXBuildFile; fileRef = 6D35C4F41BA3098200B561B1 /* AppDelegate.swift */; };
		6D35C4F71BA3098200B561B1 /* ViewController.swift in Sources */ = {isa = PBXBuildFile; fileRef = 6D35C4F61BA3098200B561B1 /* ViewController.swift */; };
		6D35C4FA1BA3098200B561B1 /* Main.storyboard in Resources */ = {isa = PBXBuildFile; fileRef = 6D35C4F81BA3098200B561B1 /* Main.storyboard */; };
		6D35C4FC1BA3098200B561B1 /* Assets.xcassets in Resources */ = {isa = PBXBuildFile; fileRef = 6D35C4FB1BA3098200B561B1 /* Assets.xcassets */; };
		6D35C4FF1BA3098200B561B1 /* LaunchScreen.storyboard in Resources */ = {isa = PBXBuildFile; fileRef = 6D35C4FD1BA3098200B561B1 /* LaunchScreen.storyboard */; };
		6D5297691BFF28D300C4CE15 /* Array2D.swift in Sources */ = {isa = PBXBuildFile; fileRef = 6D5297671BFF28D300C4CE15 /* Array2D.swift */; };
		6D52976A1BFF28D300C4CE15 /* ArrayShuffle.swift in Sources */ = {isa = PBXBuildFile; fileRef = 6D5297681BFF28D300C4CE15 /* ArrayShuffle.swift */; };
		6D52976C1BFF28DB00C4CE15 /* CrosswordsGenerator.swift in Sources */ = {isa = PBXBuildFile; fileRef = 6D52976B1BFF28DB00C4CE15 /* CrosswordsGenerator.swift */; };
/* End PBXBuildFile section */

/* Begin PBXFileReference section */
		6D35C4F11BA3098200B561B1 /* crosswords_generator.app */ = {isa = PBXFileReference; explicitFileType = wrapper.application; includeInIndex = 0; path = crosswords_generator.app; sourceTree = BUILT_PRODUCTS_DIR; };
		6D35C4F41BA3098200B561B1 /* AppDelegate.swift */ = {isa = PBXFileReference; lastKnownFileType = sourcecode.swift; path = AppDelegate.swift; sourceTree = "<group>"; };
		6D35C4F61BA3098200B561B1 /* ViewController.swift */ = {isa = PBXFileReference; lastKnownFileType = sourcecode.swift; path = ViewController.swift; sourceTree = "<group>"; };
		6D35C4F91BA3098200B561B1 /* Base */ = {isa = PBXFileReference; lastKnownFileType = file.storyboard; name = Base; path = Base.lproj/Main.storyboard; sourceTree = "<group>"; };
		6D35C4FB1BA3098200B561B1 /* Assets.xcassets */ = {isa = PBXFileReference; lastKnownFileType = folder.assetcatalog; path = Assets.xcassets; sourceTree = "<group>"; };
		6D35C4FE1BA3098200B561B1 /* Base */ = {isa = PBXFileReference; lastKnownFileType = file.storyboard; name = Base; path = Base.lproj/LaunchScreen.storyboard; sourceTree = "<group>"; };
		6D35C5001BA3098200B561B1 /* Info.plist */ = {isa = PBXFileReference; lastKnownFileType = text.plist.xml; path = Info.plist; sourceTree = "<group>"; };
		6D5297671BFF28D300C4CE15 /* Array2D.swift */ = {isa = PBXFileReference; fileEncoding = 4; lastKnownFileType = sourcecode.swift; name = Array2D.swift; path = Sources/Array2D.swift; sourceTree = "<group>"; };
		6D5297681BFF28D300C4CE15 /* ArrayShuffle.swift */ = {isa = PBXFileReference; fileEncoding = 4; lastKnownFileType = sourcecode.swift; name = ArrayShuffle.swift; path = Sources/ArrayShuffle.swift; sourceTree = "<group>"; };
		6D52976B1BFF28DB00C4CE15 /* CrosswordsGenerator.swift */ = {isa = PBXFileReference; fileEncoding = 4; lastKnownFileType = sourcecode.swift; name = CrosswordsGenerator.swift; path = Sources/CrosswordsGenerator.swift; sourceTree = "<group>"; };
/* End PBXFileReference section */

/* Begin PBXFrameworksBuildPhase section */
		6D35C4EE1BA3098200B561B1 /* Frameworks */ = {
			isa = PBXFrameworksBuildPhase;
			buildActionMask = 2147483647;
			files = (
			);
			runOnlyForDeploymentPostprocessing = 0;
		};
/* End PBXFrameworksBuildPhase section */

/* Begin PBXGroup section */
		6D35C4E81BA3098200B561B1 = {
			isa = PBXGroup;
			children = (
				6D35C4F31BA3098200B561B1 /* crosswords_generator */,
				6D35C4F21BA3098200B561B1 /* Products */,
			);
			sourceTree = "<group>";
		};
		6D35C4F21BA3098200B561B1 /* Products */ = {
			isa = PBXGroup;
			children = (
				6D35C4F11BA3098200B561B1 /* crosswords_generator.app */,
			);
			name = Products;
			sourceTree = "<group>";
		};
		6D35C4F31BA3098200B561B1 /* crosswords_generator */ = {
			isa = PBXGroup;
			children = (
				6DFC96C01BAAFC960000B22F /* Sources */,
				6DFC96C21BAAFCBB0000B22F /* Resources */,
			);
			path = crosswords_generator;
			sourceTree = "<group>";
		};
		6D5297661BFF28B400C4CE15 /* Extentions */ = {
			isa = PBXGroup;
			children = (
				6D5297671BFF28D300C4CE15 /* Array2D.swift */,
				6D5297681BFF28D300C4CE15 /* ArrayShuffle.swift */,
			);
			name = Extentions;
			sourceTree = "<group>";
		};
		6DFC96C01BAAFC960000B22F /* Sources */ = {
			isa = PBXGroup;
			children = (
				6D5297661BFF28B400C4CE15 /* Extentions */,
				6D35C4F41BA3098200B561B1 /* AppDelegate.swift */,
				6D35C4F61BA3098200B561B1 /* ViewController.swift */,
				6D52976B1BFF28DB00C4CE15 /* CrosswordsGenerator.swift */,
			);
			name = Sources;
			sourceTree = "<group>";
		};
		6DFC96C21BAAFCBB0000B22F /* Resources */ = {
			isa = PBXGroup;
			children = (
				6D35C4F81BA3098200B561B1 /* Main.storyboard */,
				6D35C4FB1BA3098200B561B1 /* Assets.xcassets */,
				6D35C4FD1BA3098200B561B1 /* LaunchScreen.storyboard */,
				6D35C5001BA3098200B561B1 /* Info.plist */,
			);
			name = Resources;
			sourceTree = "<group>";
		};
/* End PBXGroup section */

/* Begin PBXNativeTarget section */
		6D35C4F01BA3098200B561B1 /* crosswords_generator */ = {
			isa = PBXNativeTarget;
			buildConfigurationList = 6D35C5031BA3098200B561B1 /* Build configuration list for PBXNativeTarget "crosswords_generator" */;
			buildPhases = (
				6D35C4ED1BA3098200B561B1 /* Sources */,
				6D35C4EE1BA3098200B561B1 /* Frameworks */,
				6D35C4EF1BA3098200B561B1 /* Resources */,
			);
			buildRules = (
			);
			dependencies = (
			);
			name = crosswords_generator;
			productName = crosswords_generator;
			productReference = 6D35C4F11BA3098200B561B1 /* crosswords_generator.app */;
			productType = "com.apple.product-type.application";
		};
/* End PBXNativeTarget section */

/* Begin PBXProject section */
		6D35C4E91BA3098200B561B1 /* Project object */ = {
			isa = PBXProject;
			attributes = {
				LastUpgradeCheck = 0700;
				ORGANIZATIONNAME = "Maxim Bilan";
				TargetAttributes = {
					6D35C4F01BA3098200B561B1 = {
						CreatedOnToolsVersion = 7.0;
						LastSwiftMigration = 0800;
					};
				};
			};
			buildConfigurationList = 6D35C4EC1BA3098200B561B1 /* Build configuration list for PBXProject "crosswords_generator" */;
			compatibilityVersion = "Xcode 3.2";
			developmentRegion = English;
			hasScannedForEncodings = 0;
			knownRegions = (
				en,
				Base,
			);
			mainGroup = 6D35C4E81BA3098200B561B1;
			productRefGroup = 6D35C4F21BA3098200B561B1 /* Products */;
			projectDirPath = "";
			projectRoot = "";
			targets = (
				6D35C4F01BA3098200B561B1 /* crosswords_generator */,
			);
		};
/* End PBXProject section */

/* Begin PBXResourcesBuildPhase section */
		6D35C4EF1BA3098200B561B1 /* Resources */ = {
			isa = PBXResourcesBuildPhase;
			buildActionMask = 2147483647;
			files = (
				6D35C4FF1BA3098200B561B1 /* LaunchScreen.storyboard in Resources */,
				6D35C4FC1BA3098200B561B1 /* Assets.xcassets in Resources */,
				6D35C4FA1BA3098200B561B1 /* Main.storyboard in Resources */,
			);
			runOnlyForDeploymentPostprocessing = 0;
		};
/* End PBXResourcesBuildPhase section */

/* Begin PBXSourcesBuildPhase section */
		6D35C4ED1BA3098200B561B1 /* Sources */ = {
			isa = PBXSourcesBuildPhase;
			buildActionMask = 2147483647;
			files = (
				6D35C4F71BA3098200B561B1 /* ViewController.swift in Sources */,
				6D52976A1BFF28D300C4CE15 /* ArrayShuffle.swift in Sources */,
				6D5297691BFF28D300C4CE15 /* Array2D.swift in Sources */,
				6D35C4F51BA3098200B561B1 /* AppDelegate.swift in Sources */,
				6D52976C1BFF28DB00C4CE15 /* CrosswordsGenerator.swift in Sources */,
			);
			runOnlyForDeploymentPostprocessing = 0;
		};
/* End PBXSourcesBuildPhase section */

/* Begin PBXVariantGroup section */
		6D35C4F81BA3098200B561B1 /* Main.storyboard */ = {
			isa = PBXVariantGroup;
			children = (
				6D35C4F91BA3098200B561B1 /* Base */,
			);
			name = Main.storyboard;
			sourceTree = "<group>";
		};
		6D35C4FD1BA3098200B561B1 /* LaunchScreen.storyboard */ = {
			isa = PBXVariantGroup;
			children = (
				6D35C4FE1BA3098200B561B1 /* Base */,
			);
			name = LaunchScreen.storyboard;
			sourceTree = "<group>";
		};
/* End PBXVariantGroup section */

/* Begin XCBuildConfiguration section */
		6D35C5011BA3098200B561B1 /* Debug */ = {
			isa = XCBuildConfiguration;
			buildSettings = {
				ALWAYS_SEARCH_USER_PATHS = NO;
				CLANG_CXX_LANGUAGE_STANDARD = "gnu++0x";
				CLANG_CXX_LIBRARY = "libc++";
				CLANG_ENABLE_MODULES = YES;
				CLANG_ENABLE_OBJC_ARC = YES;
				CLANG_WARN_BOOL_CONVERSION = YES;
				CLANG_WARN_CONSTANT_CONVERSION = YES;
				CLANG_WARN_DIRECT_OBJC_ISA_USAGE = YES_ERROR;
				CLANG_WARN_EMPTY_BODY = YES;
				CLANG_WARN_ENUM_CONVERSION = YES;
				CLANG_WARN_INT_CONVERSION = YES;
				CLANG_WARN_OBJC_ROOT_CLASS = YES_ERROR;
				CLANG_WARN_UNREACHABLE_CODE = YES;
				CLANG_WARN__DUPLICATE_METHOD_MATCH = YES;
				"CODE_SIGN_IDENTITY[sdk=iphoneos*]" = "iPhone Developer";
				COPY_PHASE_STRIP = NO;
				DEBUG_INFORMATION_FORMAT = dwarf;
				ENABLE_STRICT_OBJC_MSGSEND = YES;
				ENABLE_TESTABILITY = YES;
				GCC_C_LANGUAGE_STANDARD = gnu99;
				GCC_DYNAMIC_NO_PIC = NO;
				GCC_NO_COMMON_BLOCKS = YES;
				GCC_OPTIMIZATION_LEVEL = 0;
				GCC_PREPROCESSOR_DEFINITIONS = (
					"DEBUG=1",
					"$(inherited)",
				);
				GCC_WARN_64_TO_32_BIT_CONVERSION = YES;
				GCC_WARN_ABOUT_RETURN_TYPE = YES_ERROR;
				GCC_WARN_UNDECLARED_SELECTOR = YES;
				GCC_WARN_UNINITIALIZED_AUTOS = YES_AGGRESSIVE;
				GCC_WARN_UNUSED_FUNCTION = YES;
				GCC_WARN_UNUSED_VARIABLE = YES;
				IPHONEOS_DEPLOYMENT_TARGET = 9.0;
				MTL_ENABLE_DEBUG_INFO = YES;
				ONLY_ACTIVE_ARCH = YES;
				SDKROOT = iphoneos;
				SWIFT_OPTIMIZATION_LEVEL = "-Onone";
				TARGETED_DEVICE_FAMILY = "1,2";
			};
			name = Debug;
		};
		6D35C5021BA3098200B561B1 /* Release */ = {
			isa = XCBuildConfiguration;
			buildSettings = {
				ALWAYS_SEARCH_USER_PATHS = NO;
				CLANG_CXX_LANGUAGE_STANDARD = "gnu++0x";
				CLANG_CXX_LIBRARY = "libc++";
				CLANG_ENABLE_MODULES = YES;
				CLANG_ENABLE_OBJC_ARC = YES;
				CLANG_WARN_BOOL_CONVERSION = YES;
				CLANG_WARN_CONSTANT_CONVERSION = YES;
				CLANG_WARN_DIRECT_OBJC_ISA_USAGE = YES_ERROR;
				CLANG_WARN_EMPTY_BODY = YES;
				CLANG_WARN_ENUM_CONVERSION = YES;
				CLANG_WARN_INT_CONVERSION = YES;
				CLANG_WARN_OBJC_ROOT_CLASS = YES_ERROR;
				CLANG_WARN_UNREACHABLE_CODE = YES;
				CLANG_WARN__DUPLICATE_METHOD_MATCH = YES;
				"CODE_SIGN_IDENTITY[sdk=iphoneos*]" = "iPhone Developer";
				COPY_PHASE_STRIP = NO;
				DEBUG_INFORMATION_FORMAT = "dwarf-with-dsym";
				ENABLE_NS_ASSERTIONS = NO;
				ENABLE_STRICT_OBJC_MSGSEND = YES;
				GCC_C_LANGUAGE_STANDARD = gnu99;
				GCC_NO_COMMON_BLOCKS = YES;
				GCC_WARN_64_TO_32_BIT_CONVERSION = YES;
				GCC_WARN_ABOUT_RETURN_TYPE = YES_ERROR;
				GCC_WARN_UNDECLARED_SELECTOR = YES;
				GCC_WARN_UNINITIALIZED_AUTOS = YES_AGGRESSIVE;
				GCC_WARN_UNUSED_FUNCTION = YES;
				GCC_WARN_UNUSED_VARIABLE = YES;
				IPHONEOS_DEPLOYMENT_TARGET = 9.0;
				MTL_ENABLE_DEBUG_INFO = NO;
				SDKROOT = iphoneos;
				TARGETED_DEVICE_FAMILY = "1,2";
				VALIDATE_PRODUCT = YES;
			};
			name = Release;
		};
		6D35C5041BA3098200B561B1 /* Debug */ = {
			isa = XCBuildConfiguration;
			buildSettings = {
				ASSETCATALOG_COMPILER_APPICON_NAME = AppIcon;
				INFOPLIST_FILE = crosswords_generator/Info.plist;
				LD_RUNPATH_SEARCH_PATHS = "$(inherited) @executable_path/Frameworks";
				PRODUCT_BUNDLE_IDENTIFIER = "maximbilan.crosswords-generator";
				PRODUCT_NAME = "$(TARGET_NAME)";
				SWIFT_VERSION = 3.0;
			};
			name = Debug;
		};
		6D35C5051BA3098200B561B1 /* Release */ = {
			isa = XCBuildConfiguration;
			buildSettings = {
				ASSETCATALOG_COMPILER_APPICON_NAME = AppIcon;
				INFOPLIST_FILE = crosswords_generator/Info.plist;
				LD_RUNPATH_SEARCH_PATHS = "$(inherited) @executable_path/Frameworks";
				PRODUCT_BUNDLE_IDENTIFIER = "maximbilan.crosswords-generator";
				PRODUCT_NAME = "$(TARGET_NAME)";
				SWIFT_VERSION = 3.0;
			};
			name = Release;
		};
/* End XCBuildConfiguration section */

/* Begin XCConfigurationList section */
		6D35C4EC1BA3098200B561B1 /* Build configuration list for PBXProject "crosswords_generator" */ = {
			isa = XCConfigurationList;
			buildConfigurations = (
				6D35C5011BA3098200B561B1 /* Debug */,
				6D35C5021BA3098200B561B1 /* Release */,
			);
			defaultConfigurationIsVisible = 0;
			defaultConfigurationName = Release;
		};
		6D35C5031BA3098200B561B1 /* Build configuration list for PBXNativeTarget "crosswords_generator" */ = {
			isa = XCConfigurationList;
			buildConfigurations = (
				6D35C5041BA3098200B561B1 /* Debug */,
				6D35C5051BA3098200B561B1 /* Release */,
			);
			defaultConfigurationIsVisible = 0;
			defaultConfigurationName = Release;
		};
/* End XCConfigurationList section */
	};
	rootObject = 6D35C4E91BA3098200B561B1 /* Project object */;
}
